
Microsoft Visual Studio Solution File, Format Version 12.00
# Visual Studio 15
VisualStudioVersion = 15.0.27703.2047
MinimumVisualStudioVersion = 10.0.40219.1
Project("{FAE04EC0-301F-11D3-BF4B-00C04F79EFBC}") = "ContosoUniversity", "ContosoUniversity\ContosoUniversity.csproj", "{100464A2-C27E-4FAC-8C93-7E82D45E90D7}"
EndProject
Global
	GlobalSection(SolutionConfigurationPlatforms) = preSolution
		Debug|Any CPU = Debug|Any CPU
		Release|Any CPU = Release|Any CPU
	EndGlobalSection
	GlobalSection(ProjectConfigurationPlatforms) = postSolution
		{100464A2-C27E-4FAC-8C93-7E82D45E90D7}.Debug|Any CPU.ActiveCfg = Debug|Any CPU
		{100464A2-C27E-4FAC-8C93-7E82D45E90D7}.Debug|Any CPU.Build.0 = Debug|Any CPU
		{100464A2-C27E-4FAC-8C93-7E82D45E90D7}.Release|Any CPU.ActiveCfg = Release|Any CPU
		{100464A2-C27E-4FAC-8C93-7E82D45E90D7}.Release|Any CPU.Build.0 = Release|Any CPU
	EndGlobalSection
	GlobalSection(SolutionProperties) = preSolution
		HideSolutionNode = FALSE
	EndGlobalSection
	GlobalSection(ExtensibilityGlobals) = postSolution
		SolutionGuid = {EDC635E8-59A0-486A-91A2-78CC284E09DD}
	EndGlobalSection
EndGlobal
